
Microsoft Visual Studio Solution File, Format Version 12.00
Project("{FAE04EC0-301F-11D3-BF4B-00C04F79EFBC}") = "Exercise1", "Exercise1\Exercise1.csproj", "{7E3F285A-A1B3-4D66-A1A2-08A68D20066A}"
EndProject
Project("{FAE04EC0-301F-11D3-BF4B-00C04F79EFBC}") = "Exercise2", "Exercise2\Exercise2.csproj", "{77B98815-1DAA-4490-9F95-9676AC5A2C9F}"
EndProject
Project("{FAE04EC0-301F-11D3-BF4B-00C04F79EFBC}") = "Exercise3", "Exercise3\Exercise3.csproj", "{2F609A61-C321-46A9-8FE4-51902EF18746}"
EndProject
Project("{FAE04EC0-301F-11D3-BF4B-00C04F79EFBC}") = "Exercise8", "Exercise8\Exercise8.csproj", "{784D87B7-3447-4DB6-BC0A-B4B2A03AEBCA}"
EndProject
Project("{FAE04EC0-301F-11D3-BF4B-00C04F79EFBC}") = "Exercise11", "Exercise11\Exercise11.csproj", "{2F823C57-83CC-4784-A2A4-18A070271A42}"
EndProject
Global
	GlobalSection(SolutionConfigurationPlatforms) = preSolution
		Debug|Any CPU = Debug|Any CPU
		Release|Any CPU = Release|Any CPU
	EndGlobalSection
	GlobalSection(ProjectConfigurationPlatforms) = postSolution
		{7E3F285A-A1B3-4D66-A1A2-08A68D20066A}.Debug|Any CPU.ActiveCfg = Debug|Any CPU
		{7E3F285A-A1B3-4D66-A1A2-08A68D20066A}.Debug|Any CPU.Build.0 = Debug|Any CPU
		{7E3F285A-A1B3-4D66-A1A2-08A68D20066A}.Release|Any CPU.ActiveCfg = Release|Any CPU
		{7E3F285A-A1B3-4D66-A1A2-08A68D20066A}.Release|Any CPU.Build.0 = Release|Any CPU
		{77B98815-1DAA-4490-9F95-9676AC5A2C9F}.Debug|Any CPU.ActiveCfg = Debug|Any CPU
		{77B98815-1DAA-4490-9F95-9676AC5A2C9F}.Debug|Any CPU.Build.0 = Debug|Any CPU
		{77B98815-1DAA-4490-9F95-9676AC5A2C9F}.Release|Any CPU.ActiveCfg = Release|Any CPU
		{77B98815-1DAA-4490-9F95-9676AC5A2C9F}.Release|Any CPU.Build.0 = Release|Any CPU
		{2F609A61-C321-46A9-8FE4-51902EF18746}.Debug|Any CPU.ActiveCfg = Debug|Any CPU
		{2F609A61-C321-46A9-8FE4-51902EF18746}.Debug|Any CPU.Build.0 = Debug|Any CPU
		{2F609A61-C321-46A9-8FE4-51902EF18746}.Release|Any CPU.ActiveCfg = Release|Any CPU
		{2F609A61-C321-46A9-8FE4-51902EF18746}.Release|Any CPU.Build.0 = Release|Any CPU
		{784D87B7-3447-4DB6-BC0A-B4B2A03AEBCA}.Debug|Any CPU.ActiveCfg = Debug|Any CPU
		{784D87B7-3447-4DB6-BC0A-B4B2A03AEBCA}.Debug|Any CPU.Build.0 = Debug|Any CPU
		{784D87B7-3447-4DB6-BC0A-B4B2A03AEBCA}.Release|Any CPU.ActiveCfg = Release|Any CPU
		{784D87B7-3447-4DB6-BC0A-B4B2A03AEBCA}.Release|Any CPU.Build.0 = Release|Any CPU
		{2F823C57-83CC-4784-A2A4-18A070271A42}.Debug|Any CPU.ActiveCfg = Debug|Any CPU
		{2F823C57-83CC-4784-A2A4-18A070271A42}.Debug|Any CPU.Build.0 = Debug|Any CPU
		{2F823C57-83CC-4784-A2A4-18A070271A42}.Release|Any CPU.ActiveCfg = Release|Any CPU
		{2F823C57-83CC-4784-A2A4-18A070271A42}.Release|Any CPU.Build.0 = Release|Any CPU
	EndGlobalSection
EndGlobal
